
Microsoft Visual Studio Solution File, Format Version 12.00
# Visual Studio Version 16
VisualStudioVersion = 25.0.1706.3
MinimumVisualStudioVersion = 10.0.40219.1
Project("{FAE04EC0-301F-11D3-BF4B-00C04F79EFBC}") = "Binding_Libraries_App_Size_Perfs", "Binding_Libraries_App_Size_Perfs\Binding_Libraries_App_Size_Perfs.csproj", "{4EE5956A-8E1C-413A-8896-6D2AC3CC2F78}"
EndProject
Project("{2150E333-8FDC-42A3-9474-1A3956D46DE8}") = "ESignature", "ESignature", "{65A41C17-0DF0-4E0A-B285-12457AEC5978}"
EndProject
Project("{FAE04EC0-301F-11D3-BF4B-00C04F79EFBC}") = "Sense-AAR-to-DONET", "ESignature\Sense-AAR-to-DONET\Sense-AAR-to-DONET.csproj", "{894736C5-1E6A-4560-82EE-31A00CB9A4B3}"
EndProject
Project("{FAE04EC0-301F-11D3-BF4B-00C04F79EFBC}") = "ESignature", "ESignature\ESignature\ESignature.csproj", "{7F1AA103-364E-4959-BC28-9AF288AEC732}"
EndProject
Project("{FAE04EC0-301F-11D3-BF4B-00C04F79EFBC}") = "SmartContract_xcframework_to_DOTNET", "ESignature\SmartContract_xcframework_to_DOTNET\SmartContract_xcframework_to_DOTNET.csproj", "{02EA7123-2551-484D-8F04-15857FD4A4F7}"
EndProject
Project("{FAE04EC0-301F-11D3-BF4B-00C04F79EFBC}") = "Wysiwys_framework_to_DOTNET", "ESignature\Wysiwys_framework_to_DOTNET\Wysiwys_framework_to_DOTNET.csproj", "{CB068055-D50F-4534-B7C0-EAEF7772128E}"
EndProject
Project("{2150E333-8FDC-42A3-9474-1A3956D46DE8}") = "CommunicationTool", "CommunicationTool", "{C4CF18CE-42C2-436E-B31A-A2FD8313F29E}"
EndProject
Project("{FAE04EC0-301F-11D3-BF4B-00C04F79EFBC}") = "CommunicationTool", "CommunicationTool\CommunicationTool\CommunicationTool.csproj", "{A762381B-2B1B-4D22-9BB8-B222A583C76D}"
EndProject
Project("{FAE04EC0-301F-11D3-BF4B-00C04F79EFBC}") = "Unblu-AAR-to-DOTNET", "CommunicationTool\Unblu-AAR-to-DOTNET\Unblu-AAR-to-DOTNET.csproj", "{02D20272-BC76-4524-8F6C-D43476DA3C07}"
EndProject
Project("{FAE04EC0-301F-11D3-BF4B-00C04F79EFBC}") = "UnbluProxy_FatFramework_to_DOTNET", "CommunicationTool\UnbluProxy_FatFramework_to_DOTNET\UnbluProxy_FatFramework_to_DOTNET.csproj", "{73CC27BB-57CA-4712-88E2-BBCC24CA738C}"
EndProject
Global
	GlobalSection(SolutionConfigurationPlatforms) = preSolution
		Debug|Any CPU = Debug|Any CPU
		Release|Any CPU = Release|Any CPU
	EndGlobalSection
	GlobalSection(ProjectConfigurationPlatforms) = postSolution
		{4EE5956A-8E1C-413A-8896-6D2AC3CC2F78}.Debug|Any CPU.ActiveCfg = Debug|Any CPU
		{4EE5956A-8E1C-413A-8896-6D2AC3CC2F78}.Debug|Any CPU.Build.0 = Debug|Any CPU
		{4EE5956A-8E1C-413A-8896-6D2AC3CC2F78}.Release|Any CPU.ActiveCfg = Release|Any CPU
		{4EE5956A-8E1C-413A-8896-6D2AC3CC2F78}.Release|Any CPU.Build.0 = Release|Any CPU
		{894736C5-1E6A-4560-82EE-31A00CB9A4B3}.Debug|Any CPU.ActiveCfg = Debug|Any CPU
		{894736C5-1E6A-4560-82EE-31A00CB9A4B3}.Debug|Any CPU.Build.0 = Debug|Any CPU
		{894736C5-1E6A-4560-82EE-31A00CB9A4B3}.Release|Any CPU.ActiveCfg = Release|Any CPU
		{894736C5-1E6A-4560-82EE-31A00CB9A4B3}.Release|Any CPU.Build.0 = Release|Any CPU
		{7F1AA103-364E-4959-BC28-9AF288AEC732}.Debug|Any CPU.ActiveCfg = Debug|Any CPU
		{7F1AA103-364E-4959-BC28-9AF288AEC732}.Debug|Any CPU.Build.0 = Debug|Any CPU
		{7F1AA103-364E-4959-BC28-9AF288AEC732}.Release|Any CPU.ActiveCfg = Release|Any CPU
		{7F1AA103-364E-4959-BC28-9AF288AEC732}.Release|Any CPU.Build.0 = Release|Any CPU
		{02EA7123-2551-484D-8F04-15857FD4A4F7}.Debug|Any CPU.ActiveCfg = Debug|Any CPU
		{02EA7123-2551-484D-8F04-15857FD4A4F7}.Debug|Any CPU.Build.0 = Debug|Any CPU
		{02EA7123-2551-484D-8F04-15857FD4A4F7}.Release|Any CPU.ActiveCfg = Release|Any CPU
		{02EA7123-2551-484D-8F04-15857FD4A4F7}.Release|Any CPU.Build.0 = Release|Any CPU
		{CB068055-D50F-4534-B7C0-EAEF7772128E}.Debug|Any CPU.ActiveCfg = Debug|Any CPU
		{CB068055-D50F-4534-B7C0-EAEF7772128E}.Debug|Any CPU.Build.0 = Debug|Any CPU
		{CB068055-D50F-4534-B7C0-EAEF7772128E}.Release|Any CPU.ActiveCfg = Release|Any CPU
		{CB068055-D50F-4534-B7C0-EAEF7772128E}.Release|Any CPU.Build.0 = Release|Any CPU
		{A762381B-2B1B-4D22-9BB8-B222A583C76D}.Debug|Any CPU.ActiveCfg = Debug|Any CPU
		{A762381B-2B1B-4D22-9BB8-B222A583C76D}.Debug|Any CPU.Build.0 = Debug|Any CPU
		{A762381B-2B1B-4D22-9BB8-B222A583C76D}.Release|Any CPU.ActiveCfg = Release|Any CPU
		{A762381B-2B1B-4D22-9BB8-B222A583C76D}.Release|Any CPU.Build.0 = Release|Any CPU
		{02D20272-BC76-4524-8F6C-D43476DA3C07}.Debug|Any CPU.ActiveCfg = Debug|Any CPU
		{02D20272-BC76-4524-8F6C-D43476DA3C07}.Debug|Any CPU.Build.0 = Debug|Any CPU
		{02D20272-BC76-4524-8F6C-D43476DA3C07}.Release|Any CPU.ActiveCfg = Release|Any CPU
		{02D20272-BC76-4524-8F6C-D43476DA3C07}.Release|Any CPU.Build.0 = Release|Any CPU
		{73CC27BB-57CA-4712-88E2-BBCC24CA738C}.Debug|Any CPU.ActiveCfg = Debug|Any CPU
		{73CC27BB-57CA-4712-88E2-BBCC24CA738C}.Debug|Any CPU.Build.0 = Debug|Any CPU
		{73CC27BB-57CA-4712-88E2-BBCC24CA738C}.Release|Any CPU.ActiveCfg = Release|Any CPU
		{73CC27BB-57CA-4712-88E2-BBCC24CA738C}.Release|Any CPU.Build.0 = Release|Any CPU
	EndGlobalSection
	GlobalSection(SolutionProperties) = preSolution
		HideSolutionNode = FALSE
	EndGlobalSection
	GlobalSection(ExtensibilityGlobals) = postSolution
		SolutionGuid = {B6D89C5D-3D2D-4CA2-A114-150DF95940A4}
	EndGlobalSection
	GlobalSection(NestedProjects) = preSolution
		{894736C5-1E6A-4560-82EE-31A00CB9A4B3} = {65A41C17-0DF0-4E0A-B285-12457AEC5978}
		{7F1AA103-364E-4959-BC28-9AF288AEC732} = {65A41C17-0DF0-4E0A-B285-12457AEC5978}
		{02EA7123-2551-484D-8F04-15857FD4A4F7} = {65A41C17-0DF0-4E0A-B285-12457AEC5978}
		{CB068055-D50F-4534-B7C0-EAEF7772128E} = {65A41C17-0DF0-4E0A-B285-12457AEC5978}
		{A762381B-2B1B-4D22-9BB8-B222A583C76D} = {C4CF18CE-42C2-436E-B31A-A2FD8313F29E}
		{02D20272-BC76-4524-8F6C-D43476DA3C07} = {C4CF18CE-42C2-436E-B31A-A2FD8313F29E}
		{73CC27BB-57CA-4712-88E2-BBCC24CA738C} = {C4CF18CE-42C2-436E-B31A-A2FD8313F29E}
	EndGlobalSection
EndGlobal
